
Microsoft Visual Studio Solution File, Format Version 12.00
# Visual Studio Version 17
VisualStudioVersion = 17.1.31911.260
MinimumVisualStudioVersion = 10.0.40219.1
Project("{9A19103F-16F7-4668-BE54-9A1E7A4F7556}") = "BlazorWasmHost", "BlazorWasmHost\BlazorWasmHost.csproj", "{7184AB5A-7C30-4B10-8EE6-87DEE2FF881D}"
EndProject
Project("{9A19103F-16F7-4668-BE54-9A1E7A4F7556}") = "SharedLibrary", "SharedLibrary\SharedLibrary.csproj", "{E3809C74-24C3-4AE8-AA4C-15BC0444A90C}"
EndProject
Project("{9A19103F-16F7-4668-BE54-9A1E7A4F7556}") = "BlazorServerHost", "BlazorServerHost\BlazorServerHost.csproj", "{0DC9164E-4E78-4428-9A3D-9135A4D07606}"
EndProject
Project("{9A19103F-16F7-4668-BE54-9A1E7A4F7556}") = "BlazorHybridHost", "BlazorHybridHost\BlazorHybridHost.csproj", "{D1F68AB9-DD0C-42B0-953C-B675E578AC20}"
EndProject
Project("{FAE04EC0-301F-11D3-BF4B-00C04F79EFBC}") = "BlazorWinFormsHost", "BlazorWinFormsHost\BlazorWinFormsHost.csproj", "{484E2E1D-8FE8-4986-9580-9A894C50CB03}"
EndProject
Global
	GlobalSection(SolutionConfigurationPlatforms) = preSolution
		Debug|Any CPU = Debug|Any CPU
		Release|Any CPU = Release|Any CPU
	EndGlobalSection
	GlobalSection(ProjectConfigurationPlatforms) = postSolution
		{7184AB5A-7C30-4B10-8EE6-87DEE2FF881D}.Debug|Any CPU.ActiveCfg = Debug|Any CPU
		{7184AB5A-7C30-4B10-8EE6-87DEE2FF881D}.Debug|Any CPU.Build.0 = Debug|Any CPU
		{7184AB5A-7C30-4B10-8EE6-87DEE2FF881D}.Release|Any CPU.ActiveCfg = Release|Any CPU
		{7184AB5A-7C30-4B10-8EE6-87DEE2FF881D}.Release|Any CPU.Build.0 = Release|Any CPU
		{E3809C74-24C3-4AE8-AA4C-15BC0444A90C}.Debug|Any CPU.ActiveCfg = Debug|Any CPU
		{E3809C74-24C3-4AE8-AA4C-15BC0444A90C}.Debug|Any CPU.Build.0 = Debug|Any CPU
		{E3809C74-24C3-4AE8-AA4C-15BC0444A90C}.Release|Any CPU.ActiveCfg = Release|Any CPU
		{E3809C74-24C3-4AE8-AA4C-15BC0444A90C}.Release|Any CPU.Build.0 = Release|Any CPU
		{0DC9164E-4E78-4428-9A3D-9135A4D07606}.Debug|Any CPU.ActiveCfg = Debug|Any CPU
		{0DC9164E-4E78-4428-9A3D-9135A4D07606}.Debug|Any CPU.Build.0 = Debug|Any CPU
		{0DC9164E-4E78-4428-9A3D-9135A4D07606}.Release|Any CPU.ActiveCfg = Release|Any CPU
		{0DC9164E-4E78-4428-9A3D-9135A4D07606}.Release|Any CPU.Build.0 = Release|Any CPU
		{D1F68AB9-DD0C-42B0-953C-B675E578AC20}.Debug|Any CPU.ActiveCfg = Debug|Any CPU
		{D1F68AB9-DD0C-42B0-953C-B675E578AC20}.Debug|Any CPU.Build.0 = Debug|Any CPU
		{D1F68AB9-DD0C-42B0-953C-B675E578AC20}.Debug|Any CPU.Deploy.0 = Debug|Any CPU
		{D1F68AB9-DD0C-42B0-953C-B675E578AC20}.Release|Any CPU.ActiveCfg = Release|Any CPU
		{D1F68AB9-DD0C-42B0-953C-B675E578AC20}.Release|Any CPU.Build.0 = Release|Any CPU
		{D1F68AB9-DD0C-42B0-953C-B675E578AC20}.Release|Any CPU.Deploy.0 = Release|Any CPU
		{484E2E1D-8FE8-4986-9580-9A894C50CB03}.Debug|Any CPU.ActiveCfg = Debug|Any CPU
		{484E2E1D-8FE8-4986-9580-9A894C50CB03}.Debug|Any CPU.Build.0 = Debug|Any CPU
		{484E2E1D-8FE8-4986-9580-9A894C50CB03}.Release|Any CPU.ActiveCfg = Release|Any CPU
		{484E2E1D-8FE8-4986-9580-9A894C50CB03}.Release|Any CPU.Build.0 = Release|Any CPU
	EndGlobalSection
	GlobalSection(SolutionProperties) = preSolution
		HideSolutionNode = FALSE
	EndGlobalSection
	GlobalSection(ExtensibilityGlobals) = postSolution
		SolutionGuid = {44BAEB21-0C28-45DA-9D00-C17CD7ED57D4}
	EndGlobalSection
EndGlobal
